{
	"name": "@lamdahq/design",
	"version": "0.0.0",
	"lockfileVersion": 2,
	"requires": true,
	"packages": {
		"": {
			"name": "@lamdahq/design",
			"version": "0.0.0",
			"license": "ISC",
			"dependencies": {
				"undefined": "/Users/adrian/Dropbox/Projects/lamda/views"
			}
		},
		"../views": {
			"name": "@lamdahq/views",
			"version": "0.1.1",
			"license": "UNLICENSED",
			"devDependencies": {
				"pug": "^3.0.2",
				"pug-cli": "^1.0.0-alpha6"
			}
		},
		"node_modules/undefined": {
			"resolved": "../views",
			"link": true
		}
	},
	"dependencies": {
		"undefined": {
			"version": "file:../views",
			"requires": {
				"pug": "^3.0.2",
				"pug-cli": "^1.0.0-alpha6"
			}
		}
	}
}
